// !$*UTF8*$!
{
	archiveVersion = 1;
	classes = {
	};
	objectVersion = 50;
	objects = {

/* Begin PBXBuildFile section */
		3E7E768916FF39199D989F62 /* libPods-CJMainProject.a in Frameworks */ = {isa = PBXBuildFile; fileRef = EABC33986CF8C0941AC7C58B /* libPods-CJMainProject.a */; };
		F067E6F8221E9CA200E18D31 /* AppDelegate.m in Sources */ = {isa = PBXBuildFile; fileRef = F067E6F7221E9CA200E18D31 /* AppDelegate.m */; };
		F067E6FB221E9CA200E18D31 /* ViewController.m in Sources */ = {isa = PBXBuildFile; fileRef = F067E6FA221E9CA200E18D31 /* ViewController.m */; };
		F067E6FE221E9CA200E18D31 /* Main.storyboard in Resources */ = {isa = PBXBuildFile; fileRef = F067E6FC221E9CA200E18D31 /* Main.storyboard */; };
		F067E700221E9CA500E18D31 /* Assets.xcassets in Resources */ = {isa = PBXBuildFile; fileRef = F067E6FF221E9CA500E18D31 /* Assets.xcassets */; };
		F067E703221E9CA500E18D31 /* LaunchScreen.storyboard in Resources */ = {isa = PBXBuildFile; fileRef = F067E701221E9CA500E18D31 /* LaunchScreen.storyboard */; };
		F067E706221E9CA500E18D31 /* main.m in Sources */ = {isa = PBXBuildFile; fileRef = F067E705221E9CA500E18D31 /* main.m */; };
/* End PBXBuildFile section */

/* Begin PBXFileReference section */
		A99EA0E4A7945A41180176D4 /* Pods-CJMainProject.release.xcconfig */ = {isa = PBXFileReference; includeInIndex = 1; lastKnownFileType = text.xcconfig; name = "Pods-CJMainProject.release.xcconfig"; path = "Pods/Target Support Files/Pods-CJMainProject/Pods-CJMainProject.release.xcconfig"; sourceTree = "<group>"; };
		C5C1A842B9950AA1AD287BB3 /* Pods-CJMainProject.debug.xcconfig */ = {isa = PBXFileReference; includeInIndex = 1; lastKnownFileType = text.xcconfig; name = "Pods-CJMainProject.debug.xcconfig"; path = "Pods/Target Support Files/Pods-CJMainProject/Pods-CJMainProject.debug.xcconfig"; sourceTree = "<group>"; };
		EABC33986CF8C0941AC7C58B /* libPods-CJMainProject.a */ = {isa = PBXFileReference; explicitFileType = archive.ar; includeInIndex = 0; path = "libPods-CJMainProject.a"; sourceTree = BUILT_PRODUCTS_DIR; };
		F067E6F3221E9CA200E18D31 /* CJMainProject.app */ = {isa = PBXFileReference; explicitFileType = wrapper.application; includeInIndex = 0; path = CJMainProject.app; sourceTree = BUILT_PRODUCTS_DIR; };
		F067E6F6221E9CA200E18D31 /* AppDelegate.h */ = {isa = PBXFileReference; lastKnownFileType = sourcecode.c.h; path = AppDelegate.h; sourceTree = "<group>"; };
		F067E6F7221E9CA200E18D31 /* AppDelegate.m */ = {isa = PBXFileReference; lastKnownFileType = sourcecode.c.objc; path = AppDelegate.m; sourceTree = "<group>"; };
		F067E6F9221E9CA200E18D31 /* ViewController.h */ = {isa = PBXFileReference; lastKnownFileType = sourcecode.c.h; path = ViewController.h; sourceTree = "<group>"; };
		F067E6FA221E9CA200E18D31 /* ViewController.m */ = {isa = PBXFileReference; lastKnownFileType = sourcecode.c.objc; path = ViewController.m; sourceTree = "<group>"; };
		F067E6FD221E9CA200E18D31 /* Base */ = {isa = PBXFileReference; lastKnownFileType = file.storyboard; name = Base; path = Base.lproj/Main.storyboard; sourceTree = "<group>"; };
		F067E6FF221E9CA500E18D31 /* Assets.xcassets */ = {isa = PBXFileReference; lastKnownFileType = folder.assetcatalog; path = Assets.xcassets; sourceTree = "<group>"; };
		F067E702221E9CA500E18D31 /* Base */ = {isa = PBXFileReference; lastKnownFileType = file.storyboard; name = Base; path = Base.lproj/LaunchScreen.storyboard; sourceTree = "<group>"; };
		F067E704221E9CA500E18D31 /* Info.plist */ = {isa = PBXFileReference; lastKnownFileType = text.plist.xml; path = Info.plist; sourceTree = "<group>"; };
		F067E705221E9CA500E18D31 /* main.m */ = {isa = PBXFileReference; lastKnownFileType = sourcecode.c.objc; path = main.m; sourceTree = "<group>"; };
/* End PBXFileReference section */

/* Begin PBXFrameworksBuildPhase section */
		F067E6F0221E9CA200E18D31 /* Frameworks */ = {
			isa = PBXFrameworksBuildPhase;
			buildActionMask = 2147483647;
			files = (
				3E7E768916FF39199D989F62 /* libPods-CJMainProject.a in Frameworks */,
			);
			runOnlyForDeploymentPostprocessing = 0;
		};
/* End PBXFrameworksBuildPhase section */

/* Begin PBXGroup section */
		15593E8AAB3DFBC6D94FAF1F /* Frameworks */ = {
			isa = PBXGroup;
			children = (
				EABC33986CF8C0941AC7C58B /* libPods-CJMainProject.a */,
			);
			name = Frameworks;
			sourceTree = "<group>";
		};
		88F6E9ECDA0D404F99701F32 /* Pods */ = {
			isa = PBXGroup;
			children = (
				C5C1A842B9950AA1AD287BB3 /* Pods-CJMainProject.debug.xcconfig */,
				A99EA0E4A7945A41180176D4 /* Pods-CJMainProject.release.xcconfig */,
			);
			name = Pods;
			sourceTree = "<group>";
		};
		F067E6EA221E9CA200E18D31 = {
			isa = PBXGroup;
			children = (
				F067E6F5221E9CA200E18D31 /* CJMainProject */,
				F067E6F4221E9CA200E18D31 /* Products */,
				88F6E9ECDA0D404F99701F32 /* Pods */,
				15593E8AAB3DFBC6D94FAF1F /* Frameworks */,
			);
			sourceTree = "<group>";
		};
		F067E6F4221E9CA200E18D31 /* Products */ = {
			isa = PBXGroup;
			children = (
				F067E6F3221E9CA200E18D31 /* CJMainProject.app */,
			);
			name = Products;
			sourceTree = "<group>";
		};
		F067E6F5221E9CA200E18D31 /* CJMainProject */ = {
			isa = PBXGroup;
			children = (
				F067E6F6221E9CA200E18D31 /* AppDelegate.h */,
				F067E6F7221E9CA200E18D31 /* AppDelegate.m */,
				F067E6F9221E9CA200E18D31 /* ViewController.h */,
				F067E6FA221E9CA200E18D31 /* ViewController.m */,
				F067E6FC221E9CA200E18D31 /* Main.storyboard */,
				F067E6FF221E9CA500E18D31 /* Assets.xcassets */,
				F067E701221E9CA500E18D31 /* LaunchScreen.storyboard */,
				F067E704221E9CA500E18D31 /* Info.plist */,
				F067E705221E9CA500E18D31 /* main.m */,
			);
			path = CJMainProject;
			sourceTree = "<group>";
		};
/* End PBXGroup section */

/* Begin PBXNativeTarget section */
		F067E6F2221E9CA200E18D31 /* CJMainProject */ = {
			isa = PBXNativeTarget;
			buildConfigurationList = F067E709221E9CA500E18D31 /* Build configuration list for PBXNativeTarget "CJMainProject" */;
			buildPhases = (
				C6933F0669F3235301D89F49 /* [CP] Check Pods Manifest.lock */,
				F067E6EF221E9CA200E18D31 /* Sources */,
				F067E6F0221E9CA200E18D31 /* Frameworks */,
				F067E6F1221E9CA200E18D31 /* Resources */,
			);
			buildRules = (
			);
			dependencies = (
			);
			name = CJMainProject;
			productName = CJMainProject;
			productReference = F067E6F3221E9CA200E18D31 /* CJMainProject.app */;
			productType = "com.apple.product-type.application";
		};
/* End PBXNativeTarget section */

/* Begin PBXProject section */
		F067E6EB221E9CA200E18D31 /* Project object */ = {
			isa = PBXProject;
			attributes = {
				LastUpgradeCheck = 1010;
				ORGANIZATIONNAME = "朱书峰";
				TargetAttributes = {
					F067E6F2221E9CA200E18D31 = {
						CreatedOnToolsVersion = 10.1;
					};
				};
			};
			buildConfigurationList = F067E6EE221E9CA200E18D31 /* Build configuration list for PBXProject "CJMainProject" */;
			compatibilityVersion = "Xcode 9.3";
			developmentRegion = en;
			hasScannedForEncodings = 0;
			knownRegions = (
				en,
				Base,
			);
			mainGroup = F067E6EA221E9CA200E18D31;
			productRefGroup = F067E6F4221E9CA200E18D31 /* Products */;
			projectDirPath = "";
			projectRoot = "";
			targets = (
				F067E6F2221E9CA200E18D31 /* CJMainProject */,
			);
		};
/* End PBXProject section */

/* Begin PBXResourcesBuildPhase section */
		F067E6F1221E9CA200E18D31 /* Resources */ = {
			isa = PBXResourcesBuildPhase;
			buildActionMask = 2147483647;
			files = (
				F067E703221E9CA500E18D31 /* LaunchScreen.storyboard in Resources */,
				F067E700221E9CA500E18D31 /* Assets.xcassets in Resources */,
				F067E6FE221E9CA200E18D31 /* Main.storyboard in Resources */,
			);
			runOnlyForDeploymentPostprocessing = 0;
		};
/* End PBXResourcesBuildPhase section */

/* Begin PBXShellScriptBuildPhase section */
		C6933F0669F3235301D89F49 /* [CP] Check Pods Manifest.lock */ = {
			isa = PBXShellScriptBuildPhase;
			buildActionMask = 2147483647;
			files = (
			);
			inputFileListPaths = (
			);
			inputPaths = (
				"${PODS_PODFILE_DIR_PATH}/Podfile.lock",
				"${PODS_ROOT}/Manifest.lock",
			);
			name = "[CP] Check Pods Manifest.lock";
			outputFileListPaths = (
			);
			outputPaths = (
				"$(DERIVED_FILE_DIR)/Pods-CJMainProject-checkManifestLockResult.txt",
			);
			runOnlyForDeploymentPostprocessing = 0;
			shellPath = /bin/sh;
			shellScript = "diff \"${PODS_PODFILE_DIR_PATH}/Podfile.lock\" \"${PODS_ROOT}/Manifest.lock\" > /dev/null\nif [ $? != 0 ] ; then\n    # print error to STDERR\n    echo \"error: The sandbox is not in sync with the Podfile.lock. Run 'pod install' or update your CocoaPods installation.\" >&2\n    exit 1\nfi\n# This output is used by Xcode 'outputs' to avoid re-running this script phase.\necho \"SUCCESS\" > \"${SCRIPT_OUTPUT_FILE_0}\"\n";
			showEnvVarsInLog = 0;
		};
/* End PBXShellScriptBuildPhase section */

/* Begin PBXSourcesBuildPhase section */
		F067E6EF221E9CA200E18D31 /* Sources */ = {
			isa = PBXSourcesBuildPhase;
			buildActionMask = 2147483647;
			files = (
				F067E6FB221E9CA200E18D31 /* ViewController.m in Sources */,
				F067E706221E9CA500E18D31 /* main.m in Sources */,
				F067E6F8221E9CA200E18D31 /* AppDelegate.m in Sources */,
			);
			runOnlyForDeploymentPostprocessing = 0;
		};
/* End PBXSourcesBuildPhase section */

/* Begin PBXVariantGroup section */
		F067E6FC221E9CA200E18D31 /* Main.storyboard */ = {
			isa = PBXVariantGroup;
			children = (
				F067E6FD221E9CA200E18D31 /* Base */,
			);
			name = Main.storyboard;
			sourceTree = "<group>";
		};
		F067E701221E9CA500E18D31 /* LaunchScreen.storyboard */ = {
			isa = PBXVariantGroup;
			children = (
				F067E702221E9CA500E18D31 /* Base */,
			);
			name = LaunchScreen.storyboard;
			sourceTree = "<group>";
		};
/* End PBXVariantGroup section */

/* Begin XCBuildConfiguration section */
		F067E707221E9CA500E18D31 /* Debug */ = {
			isa = XCBuildConfiguration;
			buildSettings = {
				ALWAYS_SEARCH_USER_PATHS = NO;
				CLANG_ANALYZER_NONNULL = YES;
				CLANG_ANALYZER_NUMBER_OBJECT_CONVERSION = YES_AGGRESSIVE;
				CLANG_CXX_LANGUAGE_STANDARD = "gnu++14";
				CLANG_CXX_LIBRARY = "libc++";
				CLANG_ENABLE_MODULES = YES;
				CLANG_ENABLE_OBJC_ARC = YES;
				CLANG_ENABLE_OBJC_WEAK = YES;
				CLANG_WARN_BLOCK_CAPTURE_AUTORELEASING = YES;
				CLANG_WARN_BOOL_CONVERSION = YES;
				CLANG_WARN_COMMA = YES;
				CLANG_WARN_CONSTANT_CONVERSION = YES;
				CLANG_WARN_DEPRECATED_OBJC_IMPLEMENTATIONS = YES;
				CLANG_WARN_DIRECT_OBJC_ISA_USAGE = YES_ERROR;
				CLANG_WARN_DOCUMENTATION_COMMENTS = YES;
				CLANG_WARN_EMPTY_BODY = YES;
				CLANG_WARN_ENUM_CONVERSION = YES;
				CLANG_WARN_INFINITE_RECURSION = YES;
				CLANG_WARN_INT_CONVERSION = YES;
				CLANG_WARN_NON_LITERAL_NULL_CONVERSION = YES;
				CLANG_WARN_OBJC_IMPLICIT_RETAIN_SELF = YES;
				CLANG_WARN_OBJC_LITERAL_CONVERSION = YES;
				CLANG_WARN_OBJC_ROOT_CLASS = YES_ERROR;
				CLANG_WARN_RANGE_LOOP_ANALYSIS = YES;
				CLANG_WARN_STRICT_PROTOTYPES = YES;
				CLANG_WARN_SUSPICIOUS_MOVE = YES;
				CLANG_WARN_UNGUARDED_AVAILABILITY = YES_AGGRESSIVE;
				CLANG_WARN_UNREACHABLE_CODE = YES;
				CLANG_WARN__DUPLICATE_METHOD_MATCH = YES;
				CODE_SIGN_IDENTITY = "iPhone Developer";
				COPY_PHASE_STRIP = NO;
				DEBUG_INFORMATION_FORMAT = dwarf;
				ENABLE_STRICT_OBJC_MSGSEND = YES;
				ENABLE_TESTABILITY = YES;
				GCC_C_LANGUAGE_STANDARD = gnu11;
				GCC_DYNAMIC_NO_PIC = NO;
				GCC_NO_COMMON_BLOCKS = YES;
				GCC_OPTIMIZATION_LEVEL = 0;
				GCC_PREPROCESSOR_DEFINITIONS = (
					"DEBUG=1",
					"$(inherited)",
				);
				GCC_WARN_64_TO_32_BIT_CONVERSION = YES;
				GCC_WARN_ABOUT_RETURN_TYPE = YES_ERROR;
				GCC_WARN_UNDECLARED_SELECTOR = YES;
				GCC_WARN_UNINITIALIZED_AUTOS = YES_AGGRESSIVE;
				GCC_WARN_UNUSED_FUNCTION = YES;
				GCC_WARN_UNUSED_VARIABLE = YES;
				IPHONEOS_DEPLOYMENT_TARGET = 12.1;
				MTL_ENABLE_DEBUG_INFO = INCLUDE_SOURCE;
				MTL_FAST_MATH = YES;
				ONLY_ACTIVE_ARCH = YES;
				SDKROOT = iphoneos;
			};
			name = Debug;
		};
		F067E708221E9CA500E18D31 /* Release */ = {
			isa = XCBuildConfiguration;
			buildSettings = {
				ALWAYS_SEARCH_USER_PATHS = NO;
				CLANG_ANALYZER_NONNULL = YES;
				CLANG_ANALYZER_NUMBER_OBJECT_CONVERSION = YES_AGGRESSIVE;
				CLANG_CXX_LANGUAGE_STANDARD = "gnu++14";
				CLANG_CXX_LIBRARY = "libc++";
				CLANG_ENABLE_MODULES = YES;
				CLANG_ENABLE_OBJC_ARC = YES;
				CLANG_ENABLE_OBJC_WEAK = YES;
				CLANG_WARN_BLOCK_CAPTURE_AUTORELEASING = YES;
				CLANG_WARN_BOOL_CONVERSION = YES;
				CLANG_WARN_COMMA = YES;
				CLANG_WARN_CONSTANT_CONVERSION = YES;
				CLANG_WARN_DEPRECATED_OBJC_IMPLEMENTATIONS = YES;
				CLANG_WARN_DIRECT_OBJC_ISA_USAGE = YES_ERROR;
				CLANG_WARN_DOCUMENTATION_COMMENTS = YES;
				CLANG_WARN_EMPTY_BODY = YES;
				CLANG_WARN_ENUM_CONVERSION = YES;
				CLANG_WARN_INFINITE_RECURSION = YES;
				CLANG_WARN_INT_CONVERSION = YES;
				CLANG_WARN_NON_LITERAL_NULL_CONVERSION = YES;
				CLANG_WARN_OBJC_IMPLICIT_RETAIN_SELF = YES;
				CLANG_WARN_OBJC_LITERAL_CONVERSION = YES;
				CLANG_WARN_OBJC_ROOT_CLASS = YES_ERROR;
				CLANG_WARN_RANGE_LOOP_ANALYSIS = YES;
				CLANG_WARN_STRICT_PROTOTYPES = YES;
				CLANG_WARN_SUSPICIOUS_MOVE = YES;
				CLANG_WARN_UNGUARDED_AVAILABILITY = YES_AGGRESSIVE;
				CLANG_WARN_UNREACHABLE_CODE = YES;
				CLANG_WARN__DUPLICATE_METHOD_MATCH = YES;
				CODE_SIGN_IDENTITY = "iPhone Developer";
				COPY_PHASE_STRIP = NO;
				DEBUG_INFORMATION_FORMAT = "dwarf-with-dsym";
				ENABLE_NS_ASSERTIONS = NO;
				ENABLE_STRICT_OBJC_MSGSEND = YES;
				GCC_C_LANGUAGE_STANDARD = gnu11;
				GCC_NO_COMMON_BLOCKS = YES;
				GCC_WARN_64_TO_32_BIT_CONVERSION = YES;
				GCC_WARN_ABOUT_RETURN_TYPE = YES_ERROR;
				GCC_WARN_UNDECLARED_SELECTOR = YES;
				GCC_WARN_UNINITIALIZED_AUTOS = YES_AGGRESSIVE;
				GCC_WARN_UNUSED_FUNCTION = YES;
				GCC_WARN_UNUSED_VARIABLE = YES;
				IPHONEOS_DEPLOYMENT_TARGET = 12.1;
				MTL_ENABLE_DEBUG_INFO = NO;
				MTL_FAST_MATH = YES;
				SDKROOT = iphoneos;
				VALIDATE_PRODUCT = YES;
			};
			name = Release;
		};
		F067E70A221E9CA500E18D31 /* Debug */ = {
			isa = XCBuildConfiguration;
			baseConfigurationReference = C5C1A842B9950AA1AD287BB3 /* Pods-CJMainProject.debug.xcconfig */;
			buildSettings = {
				ASSETCATALOG_COMPILER_APPICON_NAME = AppIcon;
				CODE_SIGN_STYLE = Automatic;
				DEVELOPMENT_TEAM = 7C5PP2YMG3;
				INFOPLIST_FILE = CJMainProject/Info.plist;
				LD_RUNPATH_SEARCH_PATHS = (
					"$(inherited)",
					"@executable_path/Frameworks",
				);
				PRODUCT_BUNDLE_IDENTIFIER = com.zhusf.CJMainProject;
				PRODUCT_NAME = "$(TARGET_NAME)";
				TARGETED_DEVICE_FAMILY = "1,2";
			};
			name = Debug;
		};
		F067E70B221E9CA500E18D31 /* Release */ = {
			isa = XCBuildConfiguration;
			baseConfigurationReference = A99EA0E4A7945A41180176D4 /* Pods-CJMainProject.release.xcconfig */;
			buildSettings = {
				ASSETCATALOG_COMPILER_APPICON_NAME = AppIcon;
				CODE_SIGN_STYLE = Automatic;
				DEVELOPMENT_TEAM = 7C5PP2YMG3;
				INFOPLIST_FILE = CJMainProject/Info.plist;
				LD_RUNPATH_SEARCH_PATHS = (
					"$(inherited)",
					"@executable_path/Frameworks",
				);
				PRODUCT_BUNDLE_IDENTIFIER = com.zhusf.CJMainProject;
				PRODUCT_NAME = "$(TARGET_NAME)";
				TARGETED_DEVICE_FAMILY = "1,2";
			};
			name = Release;
		};
/* End XCBuildConfiguration section */

/* Begin XCConfigurationList section */
		F067E6EE221E9CA200E18D31 /* Build configuration list for PBXProject "CJMainProject" */ = {
			isa = XCConfigurationList;
			buildConfigurations = (
				F067E707221E9CA500E18D31 /* Debug */,
				F067E708221E9CA500E18D31 /* Release */,
			);
			defaultConfigurationIsVisible = 0;
			defaultConfigurationName = Release;
		};
		F067E709221E9CA500E18D31 /* Build configuration list for PBXNativeTarget "CJMainProject" */ = {
			isa = XCConfigurationList;
			buildConfigurations = (
				F067E70A221E9CA500E18D31 /* Debug */,
				F067E70B221E9CA500E18D31 /* Release */,
			);
			defaultConfigurationIsVisible = 0;
			defaultConfigurationName = Release;
		};
/* End XCConfigurationList section */
	};
	rootObject = F067E6EB221E9CA200E18D31 /* Project object */;
}
